
Microsoft Visual Studio Solution File, Format Version 12.00
# Visual Studio Version 17
VisualStudioVersion = 17.8.34330.188
MinimumVisualStudioVersion = 10.0.40219.1
Project("{9A19103F-16F7-4668-BE54-9A1E7A4F7556}") = "BasicMath", "BasicMath\BasicMath.csproj", "{349DA911-F736-4BA1-99A9-A7A5638F0733}"
EndProject
Project("{9A19103F-16F7-4668-BE54-9A1E7A4F7556}") = "BasicMathTest", "BasicMathTest\BasicMathTest.csproj", "{485A76BE-4AE1-4138-BB68-7EC6030E66FD}"
EndProject
Global
	GlobalSection(SolutionConfigurationPlatforms) = preSolution
		Debug|Any CPU = Debug|Any CPU
		Release|Any CPU = Release|Any CPU
	EndGlobalSection
	GlobalSection(ProjectConfigurationPlatforms) = postSolution
		{349DA911-F736-4BA1-99A9-A7A5638F0733}.Debug|Any CPU.ActiveCfg = Debug|Any CPU
		{349DA911-F736-4BA1-99A9-A7A5638F0733}.Debug|Any CPU.Build.0 = Debug|Any CPU
		{349DA911-F736-4BA1-99A9-A7A5638F0733}.Release|Any CPU.ActiveCfg = Release|Any CPU
		{349DA911-F736-4BA1-99A9-A7A5638F0733}.Release|Any CPU.Build.0 = Release|Any CPU
		{485A76BE-4AE1-4138-BB68-7EC6030E66FD}.Debug|Any CPU.ActiveCfg = Debug|Any CPU
		{485A76BE-4AE1-4138-BB68-7EC6030E66FD}.Debug|Any CPU.Build.0 = Debug|Any CPU
		{485A76BE-4AE1-4138-BB68-7EC6030E66FD}.Release|Any CPU.ActiveCfg = Release|Any CPU
		{485A76BE-4AE1-4138-BB68-7EC6030E66FD}.Release|Any CPU.Build.0 = Release|Any CPU
	EndGlobalSection
	GlobalSection(SolutionProperties) = preSolution
		HideSolutionNode = FALSE
	EndGlobalSection
	GlobalSection(ExtensibilityGlobals) = postSolution
		SolutionGuid = {C4DADD02-73A4-48E2-9E88-3AEF38857C5E}
	EndGlobalSection
EndGlobal
